
Microsoft Visual Studio Solution File, Format Version 12.00
# Visual Studio Version 16
VisualStudioVersion = 16.0.31729.503
MinimumVisualStudioVersion = 10.0.40219.1
Project("{FAE04EC0-301F-11D3-BF4B-00C04F79EFBC}") = "Pronote Admin", "Pronote Admin.csproj", "{CF01A34E-7DED-41A0-B73E-BDCE1E87B14E}"
EndProject
Global
	GlobalSection(SolutionConfigurationPlatforms) = preSolution
		Debug|Any CPU = Debug|Any CPU
		Release|Any CPU = Release|Any CPU
	EndGlobalSection
	GlobalSection(ProjectConfigurationPlatforms) = postSolution
		{CF01A34E-7DED-41A0-B73E-BDCE1E87B14E}.Debug|Any CPU.ActiveCfg = Debug|Any CPU
		{CF01A34E-7DED-41A0-B73E-BDCE1E87B14E}.Debug|Any CPU.Build.0 = Debug|Any CPU
		{CF01A34E-7DED-41A0-B73E-BDCE1E87B14E}.Release|Any CPU.ActiveCfg = Release|Any CPU
		{CF01A34E-7DED-41A0-B73E-BDCE1E87B14E}.Release|Any CPU.Build.0 = Release|Any CPU
	EndGlobalSection
	GlobalSection(SolutionProperties) = preSolution
		HideSolutionNode = FALSE
	EndGlobalSection
	GlobalSection(ExtensibilityGlobals) = postSolution
		SolutionGuid = {17F2909A-3CBB-444E-8183-90AE2298C79E}
	EndGlobalSection
EndGlobal
